
Microsoft Visual Studio Solution File, Format Version 12.00
# Visual Studio Version 17
VisualStudioVersion = 17.4.33213.308
MinimumVisualStudioVersion = 10.0.40219.1
Project("{FAE04EC0-301F-11D3-BF4B-00C04F79EFBC}") = "WpfApp24", "WpfApp24\WpfApp24.csproj", "{3FCFA163-0912-4780-9E45-9E9EE6383282}"
EndProject
Global
	GlobalSection(SolutionConfigurationPlatforms) = preSolution
		Debug|Any CPU = Debug|Any CPU
		Release|Any CPU = Release|Any CPU
	EndGlobalSection
	GlobalSection(ProjectConfigurationPlatforms) = postSolution
		{3FCFA163-0912-4780-9E45-9E9EE6383282}.Debug|Any CPU.ActiveCfg = Debug|Any CPU
		{3FCFA163-0912-4780-9E45-9E9EE6383282}.Debug|Any CPU.Build.0 = Debug|Any CPU
		{3FCFA163-0912-4780-9E45-9E9EE6383282}.Release|Any CPU.ActiveCfg = Release|Any CPU
		{3FCFA163-0912-4780-9E45-9E9EE6383282}.Release|Any CPU.Build.0 = Release|Any CPU
	EndGlobalSection
	GlobalSection(SolutionProperties) = preSolution
		HideSolutionNode = FALSE
	EndGlobalSection
	GlobalSection(ExtensibilityGlobals) = postSolution
		SolutionGuid = {6FC753BA-D266-4B1B-AE65-7C0D1C237803}
	EndGlobalSection
EndGlobal
